
Microsoft Visual Studio Solution File, Format Version 12.00
# Visual Studio Version 16
VisualStudioVersion = 16.0.30330.147
MinimumVisualStudioVersion = 10.0.40219.1
Project("{9A19103F-16F7-4668-BE54-9A1E7A4F7556}") = "MLocker.Core", "MLocker.Core\MLocker.Core.csproj", "{F113EC02-C883-4638-AFC3-8BD7D7E87BA8}"
EndProject
Project("{2150E333-8FDC-42A3-9474-1A3956D46DE8}") = "Other", "Other", "{E27DB0FE-5766-4BDC-8178-EAEAA25A8B69}"
	ProjectSection(SolutionItems) = preProject
		..\.gitignore = ..\.gitignore
		..\README.md = ..\README.md
		CLAUDE.md = CLAUDE.md
	EndProjectSection
EndProject
Project("{9A19103F-16F7-4668-BE54-9A1E7A4F7556}") = "MLocker.WebApp", "MLocker.WebApp\MLocker.WebApp.csproj", "{1F9C483F-3238-4F3C-8565-1CA494D5CCCB}"
EndProject
Project("{9A19103F-16F7-4668-BE54-9A1E7A4F7556}") = "MLocker.Database", "MLocker.Database\MLocker.Database.csproj", "{8D4DCCE6-E7E5-4E00-B975-92FBE687A37E}"
EndProject
Project("{9A19103F-16F7-4668-BE54-9A1E7A4F7556}") = "MLocker.Api", "MLocker.Api\MLocker.Api.csproj", "{D4DF3F42-82B3-450E-8438-EF4CB153AF3A}"
EndProject
Project("{9A19103F-16F7-4668-BE54-9A1E7A4F7556}") = "MLocker.Bulk", "MLocker.Bulk\MLocker.Bulk.csproj", "{C8F8D3AF-0F60-44CD-97E5-16765AAD49D8}"
EndProject
Global
	GlobalSection(SolutionConfigurationPlatforms) = preSolution
		Debug|Any CPU = Debug|Any CPU
		Release|Any CPU = Release|Any CPU
	EndGlobalSection
	GlobalSection(ProjectConfigurationPlatforms) = postSolution
		{F113EC02-C883-4638-AFC3-8BD7D7E87BA8}.Debug|Any CPU.ActiveCfg = Debug|Any CPU
		{F113EC02-C883-4638-AFC3-8BD7D7E87BA8}.Debug|Any CPU.Build.0 = Debug|Any CPU
		{F113EC02-C883-4638-AFC3-8BD7D7E87BA8}.Release|Any CPU.ActiveCfg = Release|Any CPU
		{F113EC02-C883-4638-AFC3-8BD7D7E87BA8}.Release|Any CPU.Build.0 = Release|Any CPU
		{1F9C483F-3238-4F3C-8565-1CA494D5CCCB}.Debug|Any CPU.ActiveCfg = Debug|Any CPU
		{1F9C483F-3238-4F3C-8565-1CA494D5CCCB}.Debug|Any CPU.Build.0 = Debug|Any CPU
		{1F9C483F-3238-4F3C-8565-1CA494D5CCCB}.Release|Any CPU.ActiveCfg = Release|Any CPU
		{1F9C483F-3238-4F3C-8565-1CA494D5CCCB}.Release|Any CPU.Build.0 = Release|Any CPU
		{8D4DCCE6-E7E5-4E00-B975-92FBE687A37E}.Debug|Any CPU.ActiveCfg = Debug|Any CPU
		{8D4DCCE6-E7E5-4E00-B975-92FBE687A37E}.Debug|Any CPU.Build.0 = Debug|Any CPU
		{8D4DCCE6-E7E5-4E00-B975-92FBE687A37E}.Release|Any CPU.ActiveCfg = Release|Any CPU
		{8D4DCCE6-E7E5-4E00-B975-92FBE687A37E}.Release|Any CPU.Build.0 = Release|Any CPU
		{D4DF3F42-82B3-450E-8438-EF4CB153AF3A}.Debug|Any CPU.ActiveCfg = Debug|Any CPU
		{D4DF3F42-82B3-450E-8438-EF4CB153AF3A}.Debug|Any CPU.Build.0 = Debug|Any CPU
		{D4DF3F42-82B3-450E-8438-EF4CB153AF3A}.Release|Any CPU.ActiveCfg = Release|Any CPU
		{D4DF3F42-82B3-450E-8438-EF4CB153AF3A}.Release|Any CPU.Build.0 = Release|Any CPU
		{C8F8D3AF-0F60-44CD-97E5-16765AAD49D8}.Debug|Any CPU.ActiveCfg = Debug|Any CPU
		{C8F8D3AF-0F60-44CD-97E5-16765AAD49D8}.Debug|Any CPU.Build.0 = Debug|Any CPU
		{C8F8D3AF-0F60-44CD-97E5-16765AAD49D8}.Release|Any CPU.ActiveCfg = Release|Any CPU
		{C8F8D3AF-0F60-44CD-97E5-16765AAD49D8}.Release|Any CPU.Build.0 = Release|Any CPU
	EndGlobalSection
	GlobalSection(SolutionProperties) = preSolution
		HideSolutionNode = FALSE
	EndGlobalSection
	GlobalSection(ExtensibilityGlobals) = postSolution
		SolutionGuid = {EBF9B5AB-C225-44A8-829B-0D7DB8261760}
	EndGlobalSection
EndGlobal
