
Microsoft Visual Studio Solution File, Format Version 12.00
# Visual Studio Version 16
VisualStudioVersion = 16.0.30330.147
MinimumVisualStudioVersion = 10.0.40219.1
Project("{9A19103F-16F7-4668-BE54-9A1E7A4F7556}") = "MLocker.Core", "MLocker.Core\MLocker.Core.csproj", "{F113EC02-C883-4638-AFC3-8BD7D7E87BA8}"
EndProject
Project("{2150E333-8FDC-42A3-9474-1A3956D46DE8}") = "Other", "Other", "{E27DB0FE-5766-4BDC-8178-EAEAA25A8B69}"
	ProjectSection(SolutionItems) = preProject
		..\.gitignore = ..\.gitignore
		..\README.md = ..\README.md
	EndProjectSection
EndProject
Project("{FAE04EC0-301F-11D3-BF4B-00C04F79EFBC}") = "MLocker.ScratchConsole", "MLocker.ScratchConsole\MLocker.ScratchConsole.csproj", "{AB56ADD5-4F56-45AE-979A-A8D2BA888231}"
EndProject
Global
	GlobalSection(SolutionConfigurationPlatforms) = preSolution
		Debug|Any CPU = Debug|Any CPU
		Release|Any CPU = Release|Any CPU
	EndGlobalSection
	GlobalSection(ProjectConfigurationPlatforms) = postSolution
		{F113EC02-C883-4638-AFC3-8BD7D7E87BA8}.Debug|Any CPU.ActiveCfg = Debug|Any CPU
		{F113EC02-C883-4638-AFC3-8BD7D7E87BA8}.Debug|Any CPU.Build.0 = Debug|Any CPU
		{F113EC02-C883-4638-AFC3-8BD7D7E87BA8}.Release|Any CPU.ActiveCfg = Release|Any CPU
		{F113EC02-C883-4638-AFC3-8BD7D7E87BA8}.Release|Any CPU.Build.0 = Release|Any CPU
		{AB56ADD5-4F56-45AE-979A-A8D2BA888231}.Debug|Any CPU.ActiveCfg = Debug|Any CPU
		{AB56ADD5-4F56-45AE-979A-A8D2BA888231}.Debug|Any CPU.Build.0 = Debug|Any CPU
		{AB56ADD5-4F56-45AE-979A-A8D2BA888231}.Release|Any CPU.ActiveCfg = Release|Any CPU
		{AB56ADD5-4F56-45AE-979A-A8D2BA888231}.Release|Any CPU.Build.0 = Release|Any CPU
	EndGlobalSection
	GlobalSection(SolutionProperties) = preSolution
		HideSolutionNode = FALSE
	EndGlobalSection
	GlobalSection(ExtensibilityGlobals) = postSolution
		SolutionGuid = {EBF9B5AB-C225-44A8-829B-0D7DB8261760}
	EndGlobalSection
EndGlobal
